
Microsoft Visual Studio Solution File, Format Version 12.00
# Visual Studio Version 17
VisualStudioVersion = 17.5.33530.505
MinimumVisualStudioVersion = 10.0.40219.1
Project("{FAE04EC0-301F-11D3-BF4B-00C04F79EFBC}") = "Spark", "Spark\Spark.csproj", "{0199869A-C90E-485B-858F-3A32A7987899}"
EndProject
Project("{2150E333-8FDC-42A3-9474-1A3956D46DE8}") = "Solution Items", "Solution Items", "{48D63279-B7CA-46C2-BC7D-4DE3BD8EBF69}"
	ProjectSection(SolutionItems) = preProject
		.editorconfig = .editorconfig
	EndProjectSection
EndProject
Global
	GlobalSection(SolutionConfigurationPlatforms) = preSolution
		Debug|Any CPU = Debug|Any CPU
		Release|Any CPU = Release|Any CPU
	EndGlobalSection
	GlobalSection(ProjectConfigurationPlatforms) = postSolution
		{0199869A-C90E-485B-858F-3A32A7987899}.Debug|Any CPU.ActiveCfg = Debug|Any CPU
		{0199869A-C90E-485B-858F-3A32A7987899}.Debug|Any CPU.Build.0 = Debug|Any CPU
		{0199869A-C90E-485B-858F-3A32A7987899}.Release|Any CPU.ActiveCfg = Release|Any CPU
		{0199869A-C90E-485B-858F-3A32A7987899}.Release|Any CPU.Build.0 = Release|Any CPU
	EndGlobalSection
	GlobalSection(SolutionProperties) = preSolution
		HideSolutionNode = FALSE
	EndGlobalSection
	GlobalSection(ExtensibilityGlobals) = postSolution
		SolutionGuid = {14BEF10B-F467-4D97-8CFA-10EFBA49AD4B}
	EndGlobalSection
EndGlobal
